
Microsoft Visual Studio Solution File, Format Version 12.00
# Visual Studio Version 17
VisualStudioVersion = 17.11.35327.3
MinimumVisualStudioVersion = 10.0.40219.1
Project("{FAE04EC0-301F-11D3-BF4B-00C04F79EFBC}") = "ÇokluFormYönetimi", "ÇokluFormYönetimi\ÇokluFormYönetimi.csproj", "{AA90DB4B-8DC8-477F-A850-7866562B9AEA}"
EndProject
Global
	GlobalSection(SolutionConfigurationPlatforms) = preSolution
		Debug|Any CPU = Debug|Any CPU
		Release|Any CPU = Release|Any CPU
	EndGlobalSection
	GlobalSection(ProjectConfigurationPlatforms) = postSolution
		{AA90DB4B-8DC8-477F-A850-7866562B9AEA}.Debug|Any CPU.ActiveCfg = Debug|Any CPU
		{AA90DB4B-8DC8-477F-A850-7866562B9AEA}.Debug|Any CPU.Build.0 = Debug|Any CPU
		{AA90DB4B-8DC8-477F-A850-7866562B9AEA}.Release|Any CPU.ActiveCfg = Release|Any CPU
		{AA90DB4B-8DC8-477F-A850-7866562B9AEA}.Release|Any CPU.Build.0 = Release|Any CPU
	EndGlobalSection
	GlobalSection(SolutionProperties) = preSolution
		HideSolutionNode = FALSE
	EndGlobalSection
	GlobalSection(ExtensibilityGlobals) = postSolution
		SolutionGuid = {BC08A3F0-1595-4807-9F58-2FEC1ED796AE}
	EndGlobalSection
EndGlobal
